
Microsoft Visual Studio Solution File, Format Version 12.00
# Visual Studio Version 17
VisualStudioVersion = 17.11.35222.181
MinimumVisualStudioVersion = 10.0.40219.1
Project("{FAE04EC0-301F-11D3-BF4B-00C04F79EFBC}") = "ConsoleApp6", "ConsoleApp6\ConsoleApp6.csproj", "{82866634-B0DE-40D8-B8C2-96CE6A4FBFCE}"
EndProject
Global
	GlobalSection(SolutionConfigurationPlatforms) = preSolution
		Debug|Any CPU = Debug|Any CPU
		Release|Any CPU = Release|Any CPU
	EndGlobalSection
	GlobalSection(ProjectConfigurationPlatforms) = postSolution
		{82866634-B0DE-40D8-B8C2-96CE6A4FBFCE}.Debug|Any CPU.ActiveCfg = Debug|Any CPU
		{82866634-B0DE-40D8-B8C2-96CE6A4FBFCE}.Debug|Any CPU.Build.0 = Debug|Any CPU
		{82866634-B0DE-40D8-B8C2-96CE6A4FBFCE}.Release|Any CPU.ActiveCfg = Release|Any CPU
		{82866634-B0DE-40D8-B8C2-96CE6A4FBFCE}.Release|Any CPU.Build.0 = Release|Any CPU
	EndGlobalSection
	GlobalSection(SolutionProperties) = preSolution
		HideSolutionNode = FALSE
	EndGlobalSection
	GlobalSection(ExtensibilityGlobals) = postSolution
		SolutionGuid = {75082398-EC04-4C68-AE17-81FF652F149C}
	EndGlobalSection
EndGlobal
